
Microsoft Visual Studio Solution File, Format Version 12.00
# Visual Studio Version 17
VisualStudioVersion = 17.6.33829.357
MinimumVisualStudioVersion = 10.0.40219.1
Project("{FAE04EC0-301F-11D3-BF4B-00C04F79EFBC}") = "LogRaamConfiguration", "LogRaamConfiguration.csproj", "{63C69457-654C-4346-8254-7F06FB5D983A}"
EndProject
Project("{FAE04EC0-301F-11D3-BF4B-00C04F79EFBC}") = "LogRaamConfigurationTest", "..\LogRaamConfigurationTest\LogRaamConfigurationTest.csproj", "{30D3218B-3870-4B7F-A57A-1F8E478FB6A4}"
EndProject
Global
	GlobalSection(SolutionConfigurationPlatforms) = preSolution
		Debug|Any CPU = Debug|Any CPU
		Release|Any CPU = Release|Any CPU
	EndGlobalSection
	GlobalSection(ProjectConfigurationPlatforms) = postSolution
		{63C69457-654C-4346-8254-7F06FB5D983A}.Debug|Any CPU.ActiveCfg = Debug|Any CPU
		{63C69457-654C-4346-8254-7F06FB5D983A}.Debug|Any CPU.Build.0 = Debug|Any CPU
		{63C69457-654C-4346-8254-7F06FB5D983A}.Release|Any CPU.ActiveCfg = Release|Any CPU
		{63C69457-654C-4346-8254-7F06FB5D983A}.Release|Any CPU.Build.0 = Release|Any CPU
		{30D3218B-3870-4B7F-A57A-1F8E478FB6A4}.Debug|Any CPU.ActiveCfg = Debug|Any CPU
		{30D3218B-3870-4B7F-A57A-1F8E478FB6A4}.Debug|Any CPU.Build.0 = Debug|Any CPU
		{30D3218B-3870-4B7F-A57A-1F8E478FB6A4}.Release|Any CPU.ActiveCfg = Release|Any CPU
		{30D3218B-3870-4B7F-A57A-1F8E478FB6A4}.Release|Any CPU.Build.0 = Release|Any CPU
	EndGlobalSection
	GlobalSection(SolutionProperties) = preSolution
		HideSolutionNode = FALSE
	EndGlobalSection
	GlobalSection(ExtensibilityGlobals) = postSolution
		SolutionGuid = {653ED6BE-8363-492A-A26D-F81E168351B1}
	EndGlobalSection
EndGlobal
